version: 1
checksums:
  4188a166aad2705b4f09401f924502ed:
    greeting: e5c4880fef990edc98e20db92aff718d
  ea62a503dab91e0107f1c8e1557d415b:
    calendar: f113fede755b1502d0a17ad5068ba005
    webhooks: 0329bc102d3ab3c73410d126e119de12
    webhooks_are_a_way_to_get_notified_when_something_happens_in_postiz_via_an_http_request: 4211764226f06bf96e627edb0f5f004a
    name: 9368b5a047572b6051f334af5aa76819
    url: ca97457614226960d41dd18c3c29c86b
    edit: eee7f39ff90b18852afc1671f21fbaa9
    delete: 8bcf303dd10a645b5baacb02b47d72c9
    add_a_webhook: 5f2adfff69769f0463f45951fe740c5f
    save: f7a2929f33bc420195e59ac5a8bcd454
    send_test: 6252eb4669859b7f7db4cdbc227580e1
    select_role: 406451b1c9a26f1484164b8b71c1bd7e
    please_add_at_least: 90d3c0237b56e57c7a58d5decf6e9d3c
    send_invitation_via_email: 9275e0b85147a931421b3bf6c3083cb4
    team_members: 61333c4a765e10b2ad46774951725233
    invite_your_assistant_or_team_member_to_manage_your_account: dadd50655759ac32b9ed62e60f8acb1d
    remove: dba2fe5fe9f83f8078c687f28cba4b52
    add_another_member: 02947deaa4710893794f3cc6e160c2b4
    signatures: 681d432cf5709e710da79b9d0155aaa2
    you_can_add_signatures_to_your_account_to_be_used_in_your_posts: 14ee7a89e90ddbca11da6abf70a25ab0
    content: 669b337031ef165af577f04f2b7fd54f
    auto_add: 35002db73ce495c51c5e7ebb9ea6c480
    actions: c46571856723b03262fd33f511116298
    use_signature: 362135c08a0566c7cbfdf331c67c0b21
    add_a_signature: 341a71b74ca1907f7d87a4a34232e95d
    no: 8c708225830b06df2d1141c536f2a0d6
    yes: ec580fd11a45779b039466f1e35eed2a
    your_git_repository: 10091ab19adfadec70c5269a6ca9aa0f
    connect_your_github_repository_to_receive_updates_and_analytics: ad486f2ebeb9c991a798ee4e3c3ecacd
    connected: 710683ddc8722919cf7a4e2d9f8412fc
    disconnect: 8cd3daae20ec3d3bf09b25881caa2b8f
    connect_your_repository: 50711cd5503c7d6cc5457cfb55ac0976
    cancel: 2e2a849c2223911717de8caa2c71bade
    connect: 8778ee245078a8be4a2ce855c8c56edc
    public_api: f02b394bb952777eb3e2432b3c78556b
    use_postiz_api_to_integrate_with_your_tools: ccb5f5cd99f7f087ae360f231ae07985
    read_how_to_use_it_over_the_documentation: 05ac49c5bb91da62103dbbf2f69ea50f
    reveal: 3f7302cc2e097266e447b3e18f1b9ab7
    copy_key: 8f4f13acec7abf7c3aa6e680b6da99f8
    mcp: 62c2c8e6703c9e5224e98294a53e1884
    connect_your_mcp_client_to_postiz_to_schedule_your_posts_faster: 55b92dd743d32bfe04b69c6ec9406e1f
    share_with_a_client: 8e27f69c841a9dda635f34fb1b38ad99
    post: 0beafa0cd18d45690b9b07104eb2c1b8
    comments: 502237cd1044491c48494aa60967a985
    user: 61073457a5c3901084b557d065f876be
    login_register_to_add_comments: 8b98241e411b5c47f0e09f885f179a93
    status: 6eddeb13a4e7ccb25e21ec3f665dbcdf
    there_are_not_plugs_matching_your_channels: a99ff920bf2870338410bd1a79bca452
    you_have_to_add_x_or_linkedin_or_threads: 247a8c61ea1231e4c7b3b48a34af936b
    go_to_the_calendar_to_add_channels: b08c0b31e38b95e3a67344ba861dd26a
    channels: 5c713eb23708abb6541e0ac88a4e75b6
    activate: cbe3629cad32c63dd160e5250f8a283f
    this_channel_needs_to_be_refreshed: 04fbe5ff71fae54f939a0b3658b35682
    click_here_to_refresh: 5d73b12aedf2c5589d4859539e2bde00
    can_t_show_analytics_yet: 678577ed8763b0a2f5548c081bbdea02
    you_have_to_add_social_media_channels: 17d948f29fbe3b0ee934d333682dbe3d
    supported: 4626113c5807a3a9bf93f63446c66a15
    step: b84475dc0ac5444cd4d855c3db44beab
    skip_onboarding: 387fbf28f59fa0f8382feafe5c517c7f
    onboarding: 52b23f9c62ff199d4c09920e7641829e
    next: 89ddbcf710eba274963494f312bdc8a9
    you_are_done_from_here_you_can: 62cf0d63bacdcaca1e745448e9db1ca8
    view_analytics: d511fd7f2b2263d48867aa5585df7420
    schedule_a_new_post: dabc316be8eb91723cf139e699c12cc1
    to_sell_posts_you_would_have_to: 5eb8124db09ec349efcf82e28cea4e65
    1_connect_at_least_one_channel: 6ff18596e8eebb2d9f4f1b374ce5249a
    2_connect_you_bank_account: 18d565fc3d916bd9b0e61bef7155eec3
    go_back_to_connect_channels: 45c3b82d88efde2035fe26f2afd7e937
    move_to_the_seller_page_to_connect_you_bank: 7bab55814f3eca5d5512a59d64a57ba5
    connect_channels: 41b245573270d4800a36a8951703bee7
    connect_your_social_media_and_publishing_websites_channels_to_schedule_posts_later: afb54cfa52d39082ae8297789ebeb25a
    social: ff80c74b36f0511287404d286ec7976e
    publishing_platforms: f869373086fbe82e91450684fd805d6c
    no_channels: af09cbfc2af9f00d5349cf79a93de929
    connect_your_accounts: b8c601bb78e7cb7762fbff7f842d4b70
    notifications: c52df856139b50dbb1cae7bfb1cf73bb
    no_notifications: c5b494e7fdc5b11a98ec876401dbb66f
    send_message: 487177489aafc9c0243c57ef3850a2d9
    mar_28: 5ce356dbab7ee9a5f2eccef8a8631b7f
    there_are_no_messages_yet: 6d6e366aa5815bf1a2189b58c2477b41
    checkout_the_marketplace: a01ee2fff2bf7fb5d74b5401a49bc32b
    go_to_marketplace: f99b6b1b3b6ae19de1ad39c2aa9577e7
    all_messages: 5855c945285d162f1637470b513fc6b9
    previous: 25c58dd62f190368a3d2c4c97b385ea9
    select_or_upload_pictures_maximum_5_at_a_time: 8c1cb969703754b49b7883f6e0ad5c18
    you_can_also_drag_drop_pictures: 40cc62ceac0cde30c1218c48796eb202
    you_don_t_have_any_assets_yet: ec8d0dc0a7ebf4c2437afb95f0e4cdb5
    click_the_button_below_to_upload_one: e2fb4d45f48de2277a0d71b9dd2c08ee
    add_selected_media: 0f1bf2187f3df8d3b90df1895c6e530b
    insert_media: 15267304e6c6b2c19fc7d1941b2a6a11
    design_media: fee3bbf1846d9e5f4a1af783b9e3fc90
    select: 5ac04c47a98deb85906bc02e0de91ab0
    editor: 15d1c1521efc08cd482f7ac9e1df0acf
    clear: d4c069de3111b7a5df96f3703f199f2f
    order_completed: 0d46f72c78770701a2ec75491107a76d
    the_order_has_been_completed: ae2b477a616e23df34ee541d2b8dbd02
    post_has_been_published: 594698e75f6ff495c602447aa1bd6c92
    url_1: bd8025df3db8d1a9de8e91864d2d4b8d
    new_offer: fa3fd84a97841f2ec805db3293028544
    platform: c68862170146325333c7f25af11a3fa2
    posts: 1633ab05758844f871af4d5ac871673d
    pay_accept_offer: dc206daefcb17da1ac15ddc122a53f95
    accepted: ea2ed23f35f8b090b5a994ac64ec588a
    post_draft: 9c68029ad99494679c00d18a5ddf3722
    revision_needed: e83771b8304d40f62fd31901d0141ed5
    approve: df82197ab4899a770b4677fbea82abbb
    preview: 3173ee1f0f1d4e50665ca4a84c38e15d
    revision_requested: 301193787c838340a80ec9b36a8a0d98
    accepted_1: ed30fe0d5c9cd47d6997cce75707fd47
    cancelled_by_the_seller: 04f04b95db94cdaea375af2b7e79811b
    please_select_your_country_where_your_business_is: 62afe44943201b9f379a514350478287
    select_country: b74c77b81273faf363d05c117adf865e
    connect_bank_account: 24c7d63f49d432d076cbb70b4b4be5ae
    seller_mode: 705e8004b482b08f143237ddb4af39e9
    active: 3e1ec025c4a50830bbb9ad57a176630a
    details: 2a8bbb1bc386c059783f925aca2cc522
    audience_size: 447fd70dbb36ae6b4284f03e2bcff732
    add_another_platform: d230e40c0ca42006610e90e199e7c636
    send_an_offer_for: a1f468313330f17efa42c14977b15e94
    complete_order_and_pay_early: e4016ee31f1b0deab737b3446970182d
    order_in_progress: 9a8a2847672acbadbef8160c8b687ed8
    create_a_new_offer: 9d91fa5d107a247dfee3bad5864ec279
    orders: c9d56e4e990422ac9570ed66380330ba
    price: 6e3258d4cf5835177d174a5259a9cfd6
    state: 118de561d4525b14f9bb29ac9e86161d
    showing: 88fd77e96b33b6e36b939958d2151d57
    to: 81f480a4c52ff7185e42b4b5c00376a7
    from: a8237e4c3b5f2de9b0948d464e767813
    results: 1a8f50c90d0a0d500624dd3a62aab6ee
    content_writer: 59c18e12d125efbbf6ea84098a65c663
    influencer: f306505c82822a48dd7aa0fee416af28
    request_service: f14cb169dd3470187625df4ff5c180e0
    the_marketplace_is_not_opened_yet: 13360758ae4da4fc2d598a7d3bb44956
    check_again_soon: a85514ab24ab214cf34ac81072299957
    filter: 626325a05e4c8800f7ede7012b0cadaf
    result: c08df923fb1753b5e6df453e28ed991d
    seller: 54eb787c0a33bc5d5d56f12608acb374
    buyer: 8892fc5ea068f27f8cc51dabd6ba57a2
    discord_support: 6d0a6228a6783bff376fd579eccd43f8
    teams: b63448c05270497973ac4407047dae02
    webhooks_1: 0329bc102d3ab3c73410d126e119de12
    auto_post: e2dee9c337a4523a626829d6f169ae88
    logout_from: 7e997e00bfc49b02589c10138f5da75c
    join_10000_entrepreneurs_who_use_postiz: 3661c56dda210e631aff634117af31cc
    to_manage_all_your_social_media_channels: 155f69562b7a791691489f6c13f8ce50
    100_no_risk_trial: 4d8cf3bef45c64d898a678c8d2d7e32f
    pay_nothing_for_the_first_7_days: f85904a77eed00c8009f59b214e15ea1
    cancel_anytime_hassle_free: f69ae39eec3fb9eb6114481d67c8481e
    add_free_subscription: 3cf6d7072004d151e88aafd3f227d9dd
    currently_impersonating: a116d1c0c69a389131357a418589f372
    user_1: aaf867586dbad4bbeb4af66612694ca7
    drag_n_drop_some_files_here: 8cb59f820b1434ac7df00e199f04c501
    add_time_slot: c571fff7d89ad3284bebaa9557f797c2
    add_slot: 26293208a344381ec4e7ece67e964768
    cancel_publication: 63790549431016c00b982eeff001f34e
    statistics: 6774b3a4ae82401358d6510cbabf47f8
    loading: c6bc8c380e83336c81a92594d3f23000
    short_link: 05a77a537c93d0913ab9eaa43072e9e4
    original_link: e918facde308e65155580d076b5eaa5b
    clicks: f9e154545f87d8ede27b529e5fdf2015
    selected_customer: 4bf461c3070b7ca8399388ac7ae08b8d
    customer: 1d87b244054a1a29cb1727c8b1684167
    repeat_post_every: 0969cb627a580ec4afc19efd11958f4e
    use_this_media: 6aeb1e22711eafe7f3dca7e496b52931
    create_new_post: 06549e1cb8bbba2645f5ded68259684d
    update_post: f24fceedd97a09c9b26bd7e1f8ce202c
    merge_comments_into_one_post: 2f672bd0b317afb250671ad97ca881f6
    accounts_that_will_engage: adb190c89e1a6f75cc883d904791581d
    day: 47648cd60fc313bc3f05b70357a1d675
    week: 436fdd694160827dd6ea4644cdd0a8f8
    month: ae7bef950efc406ff0980affabc1a64c
    remove_from_customer: f572c0e84941d0d2d5ec1f3a15fdcb66
    show_more: 1fe3f6f31d04d6dd29c0b1b27b991b52
    show_less: 890358798c3b1a1a2f4b2bfff366405d
    upload: 4a6c84aa16db0f4e5697f49b45257bc7
    ai: b764382ca31f0c1570802ead170ad235
    add_channel: 4645280ffa9b0bc5250f89df13184ec2
    add_platform: 43a00914a255eef7ccb528349f53d6fb
    articles: 52a36a5e786355d8e5fa6114f5f3968d
    add_comment: 29a9b6b564cfe6b98b3ee5030626b4af
    add_post: 2dccebf8ff3a67ee833bc0a695c77267
    add_comment_or_post: b3410d8a203c8d0fd766555e8935247d
    you_are_in_global_editing_mode: 20cdb003abac7601398de7548a4d1289
    the_post_should_be_at_least_6_characters_long: 123cb493f3169815511460be0e0047e8
    are_you_sure_you_want_to_delete_post: 25e67cb71ee64bf67af09ee20257655f
    post_deleted_successfully: c763dda64c48349e99190b263a43e7b2
    delete_post: bcf081392c76d2f2a8522944ddd36b78
    save_as_draft: b1b38812110113627d141db981fb1b12
    post_now: 47b412c230a3bdfbd41f1f4092c2e743
    please_add: 72e7771d1362b9aa1b02b2821f73f035
    to_your_telegram_group_channel_and_click_here: 7e24ad4b10c176d1b4b2571c02dd1c17
    connect_telegram: 9bd23c05b468f59d2674a9b378d3fb15
    please_add_the_following_command_in_your_chat: 91cf09291659b1293786f0cf5ac50408
    copy: 627c00d2c850b9b45f7341a6ac01b6bb
    settings: 8df6777277469c1fd88cc18dde2f1cc3
    integrations: 0ccce343287704cd90150c32e2fcad36
    add_integration: 1b83c3002a8e84ba9449055de0f7e5ee
    you_are_now_editing_only: 92478fd454abceccc5e47ddb543d9fec
    tag_a_company: 6f8a005436febb76a4270a0ea6db432c
    video_length_is_invalid_must_be_up_to: d5ab83e0f9d8c0f6e9c9ffdf7ad80c1d
    seconds: 9fe44d788e12e327341ac64b23fdc3e0
    this_feature_available_only_for_photos: 481e4c29e64017a374e37eb0deabae9a
    allow_user_to: e10ba849a3c17daff09d81d0b014f1cc
    your_video_will_be_labeled_promotional: 0ce1af8d546489e29cace603b71b8a60
    this_cannot_be_changed_once_posted: 573c255b14e173e8ad2ed0b95d79a9f4
    turn_on_to_disclose_video_promotes: 6f81f5ae234fbe62256b8f35fea279ec
    you_are_promoting_yourself: c64e6e1bbe7fedbeeaf67846d3c5f76f
    this_video_will_be_classified_brand_organic: 69f1673f87a66bb354145272eeb404c2
    you_are_promoting_another_brand: 7e615f400faa30b6d3dbd870de79f8d7
    this_video_will_be_classified_branded_content: 01b38e5e570cf420ba01673208f24d46
    by_posting_you_agree_to_tiktoks: 6efbadfbde482dc740f123cff08f0d2f
    music_usage_confirmation: 1cc8c2fcf278fa51e07ae031cbf65c52
    branded_content_policy: 154dfc786d23b49d5d27778dbc9de43e
    select_1: 85fef63f6a787f487438dbdc1ea61e27
    select_flair: 5e76be533959a691fdf28f0eec9221c6
    link: 60f0aa33e70ca6df3b6659802b16f433
    add_subreddit: 07cd3941d0509b92b56e9b77d4821f87
    please_add_at_least_one_subreddit: e142943a891554b60b4ed454bcacea3e
    add_community: c99eed390de61bf1f2461ee6dc908aad
    select_post_type: 76bdff7f68f2ad4ae103b5486bdb2212
    we_couldn_t_find_any_business_connected_to_your_linkedin_page: ab9c8aefab51eafd55f7e176670a33d8
    please_close_this_dialog_create_a_new_page_and_add_a_new_channel_again: a75998c2cf997b9b1de736b67e91b18f
    select_linkedin_page: ec0c852d588b2b8ee56ca3fcdae2b4bc
    we_couldn_t_find_any_business_connected_to_the_selected_pages: ffda82a65610034945a2dce2c4af137c
    we_recommend_you_to_connect_all_the_pages_and_all_the_businesses: 09bf11d24684698ee8fdc1d14170250b
    please_close_this_dialog_delete_your_integration_and_add_a_new_channel_again: 4313f771dfe82f4a4d95f599a556e4bb
    select_instagram_account: 56a1c68e863aa36b8409a582ccc5eb80
    select_page: 554df6bd2c903c10064f3a227467c249
    generate_image_with_ai: 2bf3e43a2c21c2f7819fa32a3c853a68
    reconnect_channel: f338b1a4f02797ab4e8e58e8a0d44a8a
    update_credentials: 2e508a1fe962cbf32cb4d6fc2d8a5c99
    additional_settings: 20936205a75745fba2c4047375a04db3
    change_bot: aa9e45a6ecd2f36c79609d73129ef37a
    move_add_to_customer: d7181be0326645ac72d49f46195815cf
    edit_time_slots: a271d356d7c65f47987e297f0828b0b2
    enable_channel: 029be8cc9f406829d05d1cc44ded5162
    disable_channel: a2d862c419b9fff01f72481499431341
    add: 87c4a663507f2bcbbf79934af8164e13
    short_post: b6f0a07f2214ca817c17befb029601db
    long_post: ed17f95327a1946360c3217692f69aae
    a_thread_with_short_posts: 4fed7b6a96b8891eb74c80b07acaf7e9
    a_thread_with_long_posts: 372c1102f5f8aa566a90dbb1518df661
    personal_voice_i_am_happy_to_announce: dc1f029f654b2cee5e65b145cea4a506
    company_voice_we_are_happy_to_announce: fd4c2f62cae8e9be42b226be2a453a6f
    generate: 0345bf322c191e70d01fd6607ec5c2f8
    generate_posts: 82491c7ed2398180d39635c3f720c009
    purchase_a_life_time_pro_account_with_sol_199: ab97631df8c7b544b22a4d6004e914d9
    purchase_now: 7e4891ea26e255f13727c9425c351d9e
    pay_today: 7bf8d80d5a8a14cd4474341ffe623f10
    we_are_sorry_to_see_you_go: 82c943b1dee43adb2a26fb1647b88103
    would_you_mind_shortly_tell_us_what_we_could_have_done_better: f0b42dbc8213e2baf04c31d02e7733ee
    cancel_subscription: e96e506867f44b9271bb24f18d375626
    plans: c88c6f82f451eedca3fe2d458e8d70a2
    monthly: 93da007682f3bfc496519afedad0c529
    yearly: 10c4131ebf591d5ac647ab26089c4c9b
    reactivate_subscription: 377ee64f7214fb568541269c675f6e63
    update_payment_method_invoices_history: 47304a9a548d9de3df9c87e319dd6fa9
    cancel_subscription_1: 2f327503dd7b7aaa4c49fadebe4657dd
    your_subscription_will_be_canceled_at: 690193b28fe3336d6e651be8ea634ed2
    you_will_never_be_charged_again: 75c6c71ea42514133f2324d7043b5274
    current_package: e3256be65e90a59c9ea12290247d1aca
    next_package: d60cbc2d22951e10ccde25da13c4dafa
    claim: 5649a7cd8b85ad2a53c9ff27704b4dad
    frequently_asked_questions: 212c5c784d5580b2f8b9481cb102cb4c
    autopost: 516cc6b9321aa2b3da4d89bc6ded71ab
    autopost_can_automatically_posts_your_rss_new_items_to_social_media: a088be5dc3884e6e548b6fdd3ad833a8
    title: 344e64395eaff6822a57d18623853e1a
    add_an_autopost: a3f7c9403df5038af2e46064153ce36a
    post_content: 8a21638d6bacafe3cb39a4dd5e780a26
    sign_up: 0dd2ae69be4618c1f9e615774a4509ca
    or: 0208d355f231c386b19390f0bea41b95
    by_registering_you_agree_to_our: 5969535886583614675254d7f8d71c1d
    and: ce8b9bb44f031705708a70e068bb73c8
    terms_of_service: 5add91f519e39025708e54a7eb7a9fc5
    privacy_policy: 7459744a63ef8af4e517a09024bd7c08
    create_account: 3c3c9666b2acc1404eaa89e34e17f946
    already_have_an_account: 1225998b9be05c2edbed0096341186a3
    sign_in: ec7b8f314fe9bc6591006707484ede61
    sign_in_1: cb8757c7450e17de1e226e82fb0fa4a2
    don_t_have_an_account: 7ed0b755b7dd2f2c46cbb04df26d5ddf
    forgot_password: 97f548ff4b0886fcfe1e3b8cc9ca36d2
    forgot_password_1: 582bbe27bacf16dd5823a028197138c9
    send_password_reset_email: 952cac183e264541a4395829ad6f5fb2
    go_back_to_login: 16a32578ba5378e91082c4299efa90c8
    we_have_send_you_an_email_with_a_link_to_reset_your_password: 42ce7e971a32099d54e21cc81f67ea36
    change_password: a552fc5c4189ebc3e2e6018edda7d18f
    we_successfully_reset_your_password_you_can_now_login_with_your: d5613adfda75d8e9d6fa455cf7fbc571
    click_here_to_go_back_to_login: 375e38741cbb34bc296c77d29a4522bc
    activate_your_account: 71c4ebc206483ae49a2bd3dd7b6038ba
    thank_you_for_registering: a78b0da90b3ee6f55f5baf1bc2f8882a
    please_check_your_email_to_activate_your_account: 465e6c32b73f7778258b6519d8fb0ff8
    sign_in_with: 9349e7573ce28730b17b5c19dd562d20
    continue_with_google: 296841ac969a7f5d0fffc144f2488bbb
    sign_in_with_github: 4b5b7b9164178eb3ba3900435b7a33d4
    continue_with_farcaster: 00d65f864a92042ede24fc2e43db74a0
    continue_with_your_wallet: 8f5c8b96c36015fb9b2d8c5930ac67f8
    stars_per_day: f9716b22b8c590341e2f5d2c09f2ef1f
    media: f1cc01bf9a5ec0eb41ba765d4f3d7487
    check_launch: aea888c5b096fbbca2d0961d7abe6253
    load_your_github_repository_from_settings_to_see_analytics: 626fbe4392813a3a91a11d428551f9e9
    stars: b3d6827423e8a88821c59d4f2c0f9b05
    processing_stars: a5dee4618908b657ae46eb30cc5624c4
    forks: d692bdb4892481b1b4d9adf13b5b7ce0
    registration_is_disabled: eff7aff64ccfe6068849fe1a1212c0a0
    login_instead: 4e7a13b6c39065d8e093c554345ccd7c
    gitroom: 6edccb5285794dba2f351f2fb1d2f803
    select_a_conversation_and_chat_away: 941ced71a44545919a489e4e7e8223d0
    adding_channel_redirecting_you: 397169979a6de32672e54cf01c9e7f24
    could_not_add_provider: 9326fd712ed969f76071f9d2debee931
    you_are_being_redirected_back: 60a63b73e356374429f2f5ddee51de7c
    we_are_experiencing_some_difficulty_try_to_refresh_the_page: bae9bf3684fb03d16ed55067118f7657
    post_not_found: 0d7d81ad19130994e703503fb328b561
    publication_date: 93de5b7a5d4961073ba7de62a24407b6
    analytics: ec67586974cc78f25959d47bb36683a7
    launches: f72388d8e1e1b728c200d0399e24616d
    plugs: b6416e680fe2d0fdaef55f476440f081
    billing: b01dbdd049ebbd4a349fa64d6ce65a3b
    affiliate: 16a96fe2b1c7d1f6c08898162d3350b8
    monday: b4b1c8396e445e8b7956c747da2cf601
    tuesday: 5667db9a55f400c374b8a39724e85a97
    wednesday: 61f1e0b70e7ce89cd5e0c067aa78f4ff
    thursday: 01e20fb9f69123568120f93299f66436
    friday: 320c91ba40b99148d9eabd578b89ddc6
    saturday: 77b65adf8ae2b69eaed51b6104ded65e
    sunday: d21934fb36dd8a82e36352968207d44e
    can_t_change_date_remove_post_from_publication: ff0d2da1ef39bc607672e1259c3d3ad8
    predicted_github_trending_change: db2e35c6bb26939186948182195e84df
    duplicate_post: 550d07a1efcab352409ecdbaa16acfcc
    preview_post: a86240c3451c3d5737b6acf358e1d056
    post_statistics: 946015ed60528cf3b173135542053d3e
    draft: e8a92958ad300aacfe46c2bf6644927e
    week_number: 94b8a343e6e9a25c021e055ad974c68e
    top_title_edit_webhook: 145e9993fc334ea0718882c177928c01
    top_title_add_webhook: f8fa42d8c95936075e05ad238fd03467
    top_title_oh_no: 47468ea19cd06ab0b9e85efa1aa8d5e8
    top_title_auto_plug: c5f5a59f78f4ae042bcd3afb503cd65e
    top_title_edit_autopost: 3f8e1706eb4b611a90bca2e6f09509da
    top_title_add_autopost: 175406091507b3ff7986e73d2e784f0d
    top_title_send_a_new_offer: 4aace452a1bdbaa340d78c6bb4e877b5
    top_title_media_library: 2b05965bcc34712a764496206514c087
    top_title_add_signature: 36e33cb26898b6d2746362a6d0ecaeda
    top_title_send_a_message_to: baf607ade606f955683adf38eb727132
    top_title_configure_provider: baaf1121d69b9d14461427381a60bbf0
    top_title_add_member: da4114a5074ed9ad082d0b1003ae3445
    top_title_change_bot_picture: 6ff9b68f0d29f9477a300b9042be0d4d
    top_title_create_a_new_tag: 36702b6bf190dd3d7410614145e183f1
    top_title_select_company: ac8d2c37d446d7ca8b8771b016a379a5
    top_title_additional_settings: 20936205a75745fba2c4047375a04db3
    top_title_time_table_slots: ba2e44486ebe947322acc78d3bc05a3a
    top_title_design_media: fee3bbf1846d9e5f4a1af783b9e3fc90
    top_title_edit_post: 6bb814ad47d3dcd7f6ef51c08cfbbee9
    top_title_create_post: 06549e1cb8bbba2645f5ded68259684d
    top_title_move__add_to_customer: a7e5cf28a1e5adfc78c98230d2a22ca3
    top_title_add_api_key_for: 100f6b0bac1838e19b5755543746bb05
    top_title_instance_url: 743ab33cd9b20bc08286d188f20bebb0
    top_title_custom_url: f1e4e1c6a386d212abe94b937cf5e812
    top_title_add_channel: 4645280ffa9b0bc5250f89df13184ec2
    top_title_add_telegram: 8cecdbb4f34a94aa09f23a924f8ab44a
    top_title_add_wrapcast: 3b299b855023264e4ee15a387ffb913e
    top_title_comments_for: 0945b5c127d29c7cfcbf8402d05b110a
    top_title_edit_signature: 9f72c4b124f37d01ea1b8f7ec45414d8
    label_name: 9368b5a047572b6051f334af5aa76819
    label_url: ca97457614226960d41dd18c3c29c86b
    label_title: 344e64395eaff6822a57d18623853e1a
    label_subtitle: bbf00a1e463fc9f5b807848da6a7dbd1
    label_email: e7f34943a0c2fb849db1839ff6ef5cb5
    label_full_name: ba3094a10db2bb9234cb7e0dc86e40fd
    label_password: 223a61cf906ab9c40d22612c588dff48
    label_confirm_password: 140bae95eb2040668118c6244c4a4825
    label_api_key: ce825fec5b3e1f8e27c45b1a63619985
    label_instance_url: 743ab33cd9b20bc08286d188f20bebb0
    label_custom_url: f1e4e1c6a386d212abe94b937cf5e812
    label_feedback: 6fac88806e0c269a30777b283988c61c
    label_bio: 9c27cde7f812e40bb94f725ea488ffd9
    label_role: 53743bbb6ca938f5b893552e839d067f
    label_country: 73581fc33a1e83e6a56db73558e7b5c6
    label_audience_size: 74e9a2424309907ebfc6c802dbfc624f
    label_pick_time: a13f03da70fc51e5e5fc3094e90870b6
    label_nickname: e15cefebe5e78fba87e455bf246cee89
    label_write_anything: 864e3f4ab524e6b35d295c404ac1934a
    label_output_format: ad66728efd49dd9d86802395ccc97c21
    label_add_pictures: 1502d580147b22f26a3e4fd26ba07c09
    label_hour: ec3113f22fc51d01f0c615c5496f8f87
    label_minutes: c5442938e948e2e3937fb812cf68869c
    label_select_publication: 90fe3069f3f3eb6fba7481386cf0ad0b
    label_canonical_link: bba744ea26f2dd569f2cac4ad5f0bad4
    label_cover_picture: 057a19154c6df7f062a303b7d4790d09
    label_tags: 97813c8ae67d69575fd04e35a88aed0c
    label_topics: e998991e3a4497bb4e3a0a700d2f5461
    label_tags_maximum_4: 11151f6034368008fd9eeb5bdf6e92d4
    label_attachments: c07b0f71c56630aef60ef8d754efd867
    label_type: f04471a7ddac844b9ad145eb9911ef75
    label_thumbnail: b688d3c04f800cb742622a68ae26ac89
    label_who_can_see_this_video: 97a543d589797d703bcebfa6ece94f96
    label_content_posting_method: a0d5daae42d5a57980ac3a547a4850f2
    label_auto_add_music: c27a46bded470b3ac85d5e2d26d13879
    label_duet: c763963722d8a2eb45cbdba353b885a4
    label_stitch: 59f4d4bf508f4a33cf01cbf64739cb27
    label_comments: 502237cd1044491c48494aa60967a985
    label_disclose_video_content: bb8d25e6abe604a08c2782ff3a7fd22e
    label_your_brand: 3a49f029f7f7a62ca218239d40d399f6
    label_branded_content: 794d5681b2fbd2b7a210bc6e241d0135
    label_subreddit: 7eb0309838f4e21b602278d2fa573858
    label_flair: edabd25885fcb4f80d1263313986fe4e
    label_media: f1cc01bf9a5ec0eb41ba765d4f3d7487
    label_search_subreddit: 7e96075d0378d617867f8b0428aa4e3b
    label_delay: 1f5555aa1c03494d035b6a15df6989c8
    label_post_type: ce0cc8bdc8765a3a3ce919b78374d5ac
    label_collaborators: 1579997a43c473cb2aceb2d8b3a22dc8
    label_community: aa83f4456d11185e5e72dba3260bf00b
    label_search_community: 025dce1149e1a445615bf53f9d83b376
    label_channel: 89535a22807168b618310afdf02be9a3
    label_search_channel: dfd520621eee536dd794e8740361980a
    label_select_channel: 13fa95c439addeb6674e571e37c96b79
    label_new_password: 80d809edd5d1b66123b18faaac10537b
    label_repeat_password: 29d94096664be69577529ea96b21ae2f
    label_platform: c68862170146325333c7f25af11a3fa2
    label_price_per_post: 3a3e23cdeb0c41ae8e894fa581df83f6
    label_integrations: 0ccce343287704cd90150c32e2fcad36
    label_code: 343bc5386149b97cece2b093c39034b2
    label_should_sync_last_post: 8133fbf1e07179a6226069eac30f7413
    label_when_post: f249f20f27d17dfc455a21c9e501da36
    label_autogenerate_content: a8eafda792174ddf5e50afc57ca680d0
    label_generate_picture: e3ecb483e82d6652317797df4fb3f83e
    label_company: 9e36d11fa82d1bd4563eef2abc4fcfba
    label_tag_color: 345f477064799625270f2d1ba49444f0
    label_select_board: e48a1d2044b2298b4ecbb48779754b44
    label_select_organization: 2a7834bd0f487b5e7cb2dac06c40bb2d
    label_auto_add_signature: b77128730ab746a719b91b6896eacb86
    enable_color_picker: 299af76a76f4bf348425e16cbef55cfa
    cancel_the_color_picker: bb5a774d8367a5154e29ba7ee0615a12
    no_content_yet: bdde7a6b531b27bd921bdbd26a0fada7
    write_your_reply: 0f4d124dbef4685590d5a95af3b5df64
    add_a_tag: 1e529e5b2e62a9b521ded77f2f2cd53e
    add_to_calendar: 40f6e2b51467f0abf819e69dcb3df2a1
    select_channels_from_circles: ecde8aa1d62c31366127aa7b7a69b028
    not_matching_order: 6b6eecb31dcef6e646e896259273b1c7
    submit_for_order: 8727628dac88340824634e0d94065de2
    schedule: a75428cb811bc50150cecde090a3a0d5
    update: 079fc039262fd31b10532929685c2d1b
    attachments: c07b0f71c56630aef60ef8d754efd867
    tags: 97813c8ae67d69575fd04e35a88aed0c
    public_to_everyone: 2e04db0eaf24756a9e294da20d5d2494
    mutual_follow_friends: bf9d12a48a18b07d112dd40abac1698f
    follower_of_creator: 9f1a160b1306beb884fd7f4c91cf2029
    self_only: 20fd775216f2e16a432f4720d6daaae0
    post_content_directly_to_tiktok: 2612250f75c43a3128016b99569c5fff
    upload_content_to_tiktok_without_posting: 6c3943e4d796b720933b90d250bd611c
    choose_upload_without_posting_description: 223c59be260eeaafe420791b76e2523c
    faq_am_i_going_to_be_charged_by_postiz: f4aad17d35bcaf45427216a432f23af3
    faq_to_confirm_credit_card_information_postiz_will_hold: 5087b85985bbb6f46ea869d4796fb891
    faq_can_i_trust_postiz_gitroom: 9ee3c694bc392c339333047484d36003
    faq_postiz_gitroom_is_proudly_open_source: 17658906aec47f1557f84c71efadee03
    faq_what_are_channels: 22bc7aebd017e487d9a5ac8946a2a08d
    faq_postiz_gitroom_allows_you_to_schedule_posts: 287ddb6d7f14970e29aa6e2431bbe207
    faq_what_are_team_members: bb369e1b85f24dbc4519ce32d71953d6
    faq_if_you_have_a_team_with_multiple_members: ed9a422bfca288261c3959d0fd49f657
    faq_what_is_ai_auto_complete: 3ffc4a069c8e35e01e952375b3c401ba
    faq_we_automate_chatgpt_to_help_you_write: e19d331417449c114f03b2b6ad862f93
    enter_email: 57d0675d7ff70e463dd0389652f35b20
    are_you_sure: 6d5cd13628a7887711fd0c29f1123652
    yes_delete_it: e028575f88f6dc8e25f7a02fde480df9
    no_cancel: 9ebf9f7c2d2591e603861ef4c0c7c559
    are_you_sure_you_want_to_delete: f41210d5066ca7ae76a171fbe4b085a3
    are_you_sure_you_want_to_delete_the_image: 5fc0522337ba24f14a15d5f35b19e1d3
    are_you_sure_you_want_to_logout: 7ef05b0e3fd62c195b022f7edd544b9f
    yes_logout: 6136704196b69e1c5d59177bf43541b8
    are_you_sure_you_want_to_delete_this_slot: 0da1aee27e96055995f26b00a2ee960a
    are_you_sure_you_want_to_delete_this_subreddit: 9fb7866737c669b42882293f2374b1de
    are_you_sure_you_want_to_close_the_window: dc500496d3b0d79d2967924735d92d87
    yes_close: a857be538f30d34bc5483b89de60907e
    link_copied_to_clipboard: db71229faeca1d479c346c40030f4061
    are_you_sure_you_want_to_close_this_modal_all_data_will_be_lost: 151b4189c4c05a92099fbab6a8204ada
    yes_close_it: 7e9a309f00fb3c0d13015fed309ec6a6
    uploading_pictures: d0e2fe7391818c26c297eb7f1397e941
    agent_starting: 38847f634e119da235a868f6e69622ea
    researching_your_content: 9ef0d69d951d7e9a30f40a4e10c6c5b5
    understanding_the_category: 55b72bde01965476e9a25781342d379a
    finding_the_topic: 272e97195c5767c18191b9d31c519728
    finding_popular_posts_to_match_with: 870d3fcbe34b883355885174dc86362a
    generating_hook: e4ee0c941d8c74c67c0fddaa5dfeb165
    generating_content: 15977f2521cffc69fc4c6d911fec61a8
    generating_pictures: 4c3244ae5b4f2582fd3538ad75357fbd
    finding_time_to_post: bc1ad6d10c7d081fad19818f4bbff2d9
    write_anything: 864e3f4ab524e6b35d295c404ac1934a
    you_can_write_anything_you_want_and_also_add_links_we_will_do_the_research_for_you: 765518d60dacfb40db6a0a46d458ab19
    output_format: ad66728efd49dd9d86802395ccc97c21
    add_pictures: 1502d580147b22f26a3e4fd26ba07c09
    7_days: e798f64ccea8b3535c7494577fca6627
    30_days: dc291027d89cb0c4f1def991fb734a48
    90_days: ad330616525f6c49ca3daad321beb93f
    start_7_days_free_trial: e9c42510c2cc750fabe704ebc0a9e768
    change_language: c798f65b78e23b2cf8fc29a1a24a182f
    that_a_wrap: 0ecf5b5a1fbac9c2653f2642baf5d4a5
    post_as_images_carousel: 2f82f0f6adbf03abfeec3389800d7232
    save_set: e9c633bf57da897086a7bfd5108e445b
    separate_post: 8c4bbcbabb5200898d1dec0fbdbc96a0
    label_who_can_reply_to_this_post: 4d8913296a1fc3f197cb0aead34af73d
    delete_integration: ccc879ccfcf7f85bcfe09f2bc3fa0dd3
    start_writing_your_post: 471efc4f2a7e2cf02a065a2de34e7213
